// !$*UTF8*$!
{
	archiveVersion = 1;
	classes = {
	};
	objectVersion = 51;
	objects = {

/* Begin PBXBuildFile section */
		12F156C8E92CBCD204451D08 /* Pods_AlertControllerRxSwift.framework in Frameworks */ = {isa = PBXBuildFile; fileRef = 7B53D0432FEDE06081CCC901 /* Pods_AlertControllerRxSwift.framework */; };
		BB0D5F8524D067BA00C72813 /* AppDelegate.swift in Sources */ = {isa = PBXBuildFile; fileRef = BB0D5F8424D067BA00C72813 /* AppDelegate.swift */; };
		BB0D5F8E24D067BE00C72813 /* Assets.xcassets in Resources */ = {isa = PBXBuildFile; fileRef = BB0D5F8D24D067BE00C72813 /* Assets.xcassets */; };
		BB0D5F9124D067BE00C72813 /* LaunchScreen.storyboard in Resources */ = {isa = PBXBuildFile; fileRef = BB0D5F8F24D067BE00C72813 /* LaunchScreen.storyboard */; };
		BB0D5F9F24D06BAF00C72813 /* CheckInViewController.swift in Sources */ = {isa = PBXBuildFile; fileRef = BB0D5F9E24D06BAF00C72813 /* CheckInViewController.swift */; };
		BB0D5FA424D06E2900C72813 /* UIColorExtension.swift in Sources */ = {isa = PBXBuildFile; fileRef = BB0D5FA324D06E2900C72813 /* UIColorExtension.swift */; };
		BB0D5FA624D0AA3F00C72813 /* UIAlertControllerExtension.swift in Sources */ = {isa = PBXBuildFile; fileRef = BB0D5FA524D0AA3F00C72813 /* UIAlertControllerExtension.swift */; };
/* End PBXBuildFile section */

/* Begin PBXFileReference section */
		7B53D0432FEDE06081CCC901 /* Pods_AlertControllerRxSwift.framework */ = {isa = PBXFileReference; explicitFileType = wrapper.framework; includeInIndex = 0; path = Pods_AlertControllerRxSwift.framework; sourceTree = BUILT_PRODUCTS_DIR; };
		B03376F2B40EA3933182DB79 /* Pods-AlertControllerRxSwift.debug.xcconfig */ = {isa = PBXFileReference; includeInIndex = 1; lastKnownFileType = text.xcconfig; name = "Pods-AlertControllerRxSwift.debug.xcconfig"; path = "Target Support Files/Pods-AlertControllerRxSwift/Pods-AlertControllerRxSwift.debug.xcconfig"; sourceTree = "<group>"; };
		BB0D5F8124D067BA00C72813 /* AlertControllerRxSwift.app */ = {isa = PBXFileReference; explicitFileType = wrapper.application; includeInIndex = 0; path = AlertControllerRxSwift.app; sourceTree = BUILT_PRODUCTS_DIR; };
		BB0D5F8424D067BA00C72813 /* AppDelegate.swift */ = {isa = PBXFileReference; lastKnownFileType = sourcecode.swift; path = AppDelegate.swift; sourceTree = "<group>"; };
		BB0D5F8D24D067BE00C72813 /* Assets.xcassets */ = {isa = PBXFileReference; lastKnownFileType = folder.assetcatalog; path = Assets.xcassets; sourceTree = "<group>"; };
		BB0D5F9024D067BE00C72813 /* Base */ = {isa = PBXFileReference; lastKnownFileType = file.storyboard; name = Base; path = Base.lproj/LaunchScreen.storyboard; sourceTree = "<group>"; };
		BB0D5F9224D067BE00C72813 /* Info.plist */ = {isa = PBXFileReference; lastKnownFileType = text.plist.xml; path = Info.plist; sourceTree = "<group>"; };
		BB0D5F9E24D06BAF00C72813 /* CheckInViewController.swift */ = {isa = PBXFileReference; lastKnownFileType = sourcecode.swift; path = CheckInViewController.swift; sourceTree = "<group>"; };
		BB0D5FA324D06E2900C72813 /* UIColorExtension.swift */ = {isa = PBXFileReference; lastKnownFileType = sourcecode.swift; path = UIColorExtension.swift; sourceTree = "<group>"; };
		BB0D5FA524D0AA3F00C72813 /* UIAlertControllerExtension.swift */ = {isa = PBXFileReference; lastKnownFileType = sourcecode.swift; path = UIAlertControllerExtension.swift; sourceTree = "<group>"; };
		DCC91EA87359DF9A292F578A /* Pods-AlertControllerRxSwift.release.xcconfig */ = {isa = PBXFileReference; includeInIndex = 1; lastKnownFileType = text.xcconfig; name = "Pods-AlertControllerRxSwift.release.xcconfig"; path = "Target Support Files/Pods-AlertControllerRxSwift/Pods-AlertControllerRxSwift.release.xcconfig"; sourceTree = "<group>"; };
/* End PBXFileReference section */

/* Begin PBXFrameworksBuildPhase section */
		BB0D5F7E24D067BA00C72813 /* Frameworks */ = {
			isa = PBXFrameworksBuildPhase;
			buildActionMask = 2147483647;
			files = (
				12F156C8E92CBCD204451D08 /* Pods_AlertControllerRxSwift.framework in Frameworks */,
			);
			runOnlyForDeploymentPostprocessing = 0;
		};
/* End PBXFrameworksBuildPhase section */

/* Begin PBXGroup section */
		A0590FD3058DA8C4F4299E3F /* Frameworks */ = {
			isa = PBXGroup;
			children = (
				7B53D0432FEDE06081CCC901 /* Pods_AlertControllerRxSwift.framework */,
			);
			name = Frameworks;
			sourceTree = "<group>";
		};
		BB0D5F7824D067BA00C72813 = {
			isa = PBXGroup;
			children = (
				BB0D5F8324D067BA00C72813 /* AlertControllerRxSwift */,
				BB0D5F8224D067BA00C72813 /* Products */,
				E09892A105C212BF0D4FFB94 /* Pods */,
				A0590FD3058DA8C4F4299E3F /* Frameworks */,
			);
			sourceTree = "<group>";
		};
		BB0D5F8224D067BA00C72813 /* Products */ = {
			isa = PBXGroup;
			children = (
				BB0D5F8124D067BA00C72813 /* AlertControllerRxSwift.app */,
			);
			name = Products;
			sourceTree = "<group>";
		};
		BB0D5F8324D067BA00C72813 /* AlertControllerRxSwift */ = {
			isa = PBXGroup;
			children = (
				BB0D5F8424D067BA00C72813 /* AppDelegate.swift */,
				BB0D5F9924D0686900C72813 /* CheckIn */,
				BB0D5FA024D06DED00C72813 /* Helpers */,
				BB0D5F9A24D06A0400C72813 /* Supports */,
				BB0D5F9B24D06A3700C72813 /* Storyboard */,
			);
			path = AlertControllerRxSwift;
			sourceTree = "<group>";
		};
		BB0D5F9924D0686900C72813 /* CheckIn */ = {
			isa = PBXGroup;
			children = (
				BB0D5F9C24D06AE100C72813 /* ViewController */,
			);
			path = CheckIn;
			sourceTree = "<group>";
		};
		BB0D5F9A24D06A0400C72813 /* Supports */ = {
			isa = PBXGroup;
			children = (
				BB0D5F8D24D067BE00C72813 /* Assets.xcassets */,
				BB0D5F9224D067BE00C72813 /* Info.plist */,
			);
			path = Supports;
			sourceTree = "<group>";
		};
		BB0D5F9B24D06A3700C72813 /* Storyboard */ = {
			isa = PBXGroup;
			children = (
				BB0D5F8F24D067BE00C72813 /* LaunchScreen.storyboard */,
			);
			path = Storyboard;
			sourceTree = "<group>";
		};
		BB0D5F9C24D06AE100C72813 /* ViewController */ = {
			isa = PBXGroup;
			children = (
				BB0D5F9E24D06BAF00C72813 /* CheckInViewController.swift */,
			);
			path = ViewController;
			sourceTree = "<group>";
		};
		BB0D5FA024D06DED00C72813 /* Helpers */ = {
			isa = PBXGroup;
			children = (
				BB0D5FA124D06DFF00C72813 /* Extensions */,
			);
			path = Helpers;
			sourceTree = "<group>";
		};
		BB0D5FA124D06DFF00C72813 /* Extensions */ = {
			isa = PBXGroup;
			children = (
				BB0D5FA224D06E0800C72813 /* UIColor */,
			);
			path = Extensions;
			sourceTree = "<group>";
		};
		BB0D5FA224D06E0800C72813 /* UIColor */ = {
			isa = PBXGroup;
			children = (
				BB0D5FA324D06E2900C72813 /* UIColorExtension.swift */,
				BB0D5FA524D0AA3F00C72813 /* UIAlertControllerExtension.swift */,
			);
			path = UIColor;
			sourceTree = "<group>";
		};
		E09892A105C212BF0D4FFB94 /* Pods */ = {
			isa = PBXGroup;
			children = (
				B03376F2B40EA3933182DB79 /* Pods-AlertControllerRxSwift.debug.xcconfig */,
				DCC91EA87359DF9A292F578A /* Pods-AlertControllerRxSwift.release.xcconfig */,
			);
			path = Pods;
			sourceTree = "<group>";
		};
/* End PBXGroup section */

/* Begin PBXNativeTarget section */
		BB0D5F8024D067BA00C72813 /* AlertControllerRxSwift */ = {
			isa = PBXNativeTarget;
			buildConfigurationList = BB0D5F9524D067BE00C72813 /* Build configuration list for PBXNativeTarget "AlertControllerRxSwift" */;
			buildPhases = (
				5BDBB0FC2238EB877B70F3AC /* [CP] Check Pods Manifest.lock */,
				BB0D5F7D24D067BA00C72813 /* Sources */,
				BB0D5F7E24D067BA00C72813 /* Frameworks */,
				BB0D5F7F24D067BA00C72813 /* Resources */,
				50F0822E4AACFF0E323360BC /* [CP] Embed Pods Frameworks */,
			);
			buildRules = (
			);
			dependencies = (
			);
			name = AlertControllerRxSwift;
			productName = AlertControllerRxSwift;
			productReference = BB0D5F8124D067BA00C72813 /* AlertControllerRxSwift.app */;
			productType = "com.apple.product-type.application";
		};
/* End PBXNativeTarget section */

/* Begin PBXProject section */
		BB0D5F7924D067BA00C72813 /* Project object */ = {
			isa = PBXProject;
			attributes = {
				LastSwiftUpdateCheck = 1130;
				LastUpgradeCheck = 1130;
				ORGANIZATIONNAME = "Сычев Евгений Дмитриевич";
				TargetAttributes = {
					BB0D5F8024D067BA00C72813 = {
						CreatedOnToolsVersion = 11.3.1;
					};
				};
			};
			buildConfigurationList = BB0D5F7C24D067BA00C72813 /* Build configuration list for PBXProject "AlertControllerRxSwift" */;
			compatibilityVersion = "Xcode 9.3";
			developmentRegion = en;
			hasScannedForEncodings = 0;
			knownRegions = (
				en,
				Base,
			);
			mainGroup = BB0D5F7824D067BA00C72813;
			productRefGroup = BB0D5F8224D067BA00C72813 /* Products */;
			projectDirPath = "";
			projectRoot = "";
			targets = (
				BB0D5F8024D067BA00C72813 /* AlertControllerRxSwift */,
			);
		};
/* End PBXProject section */

/* Begin PBXResourcesBuildPhase section */
		BB0D5F7F24D067BA00C72813 /* Resources */ = {
			isa = PBXResourcesBuildPhase;
			buildActionMask = 2147483647;
			files = (
				BB0D5F9124D067BE00C72813 /* LaunchScreen.storyboard in Resources */,
				BB0D5F8E24D067BE00C72813 /* Assets.xcassets in Resources */,
			);
			runOnlyForDeploymentPostprocessing = 0;
		};
/* End PBXResourcesBuildPhase section */

/* Begin PBXShellScriptBuildPhase section */
		50F0822E4AACFF0E323360BC /* [CP] Embed Pods Frameworks */ = {
			isa = PBXShellScriptBuildPhase;
			buildActionMask = 2147483647;
			files = (
			);
			inputFileListPaths = (
				"${PODS_ROOT}/Target Support Files/Pods-AlertControllerRxSwift/Pods-AlertControllerRxSwift-frameworks-${CONFIGURATION}-input-files.xcfilelist",
			);
			name = "[CP] Embed Pods Frameworks";
			outputFileListPaths = (
				"${PODS_ROOT}/Target Support Files/Pods-AlertControllerRxSwift/Pods-AlertControllerRxSwift-frameworks-${CONFIGURATION}-output-files.xcfilelist",
			);
			runOnlyForDeploymentPostprocessing = 0;
			shellPath = /bin/sh;
			shellScript = "\"${PODS_ROOT}/Target Support Files/Pods-AlertControllerRxSwift/Pods-AlertControllerRxSwift-frameworks.sh\"\n";
			showEnvVarsInLog = 0;
		};
		5BDBB0FC2238EB877B70F3AC /* [CP] Check Pods Manifest.lock */ = {
			isa = PBXShellScriptBuildPhase;
			buildActionMask = 2147483647;
			files = (
			);
			inputFileListPaths = (
			);
			inputPaths = (
				"${PODS_PODFILE_DIR_PATH}/Podfile.lock",
				"${PODS_ROOT}/Manifest.lock",
			);
			name = "[CP] Check Pods Manifest.lock";
			outputFileListPaths = (
			);
			outputPaths = (
				"$(DERIVED_FILE_DIR)/Pods-AlertControllerRxSwift-checkManifestLockResult.txt",
			);
			runOnlyForDeploymentPostprocessing = 0;
			shellPath = /bin/sh;
			shellScript = "diff \"${PODS_PODFILE_DIR_PATH}/Podfile.lock\" \"${PODS_ROOT}/Manifest.lock\" > /dev/null\nif [ $? != 0 ] ; then\n    # print error to STDERR\n    echo \"error: The sandbox is not in sync with the Podfile.lock. Run 'pod install' or update your CocoaPods installation.\" >&2\n    exit 1\nfi\n# This output is used by Xcode 'outputs' to avoid re-running this script phase.\necho \"SUCCESS\" > \"${SCRIPT_OUTPUT_FILE_0}\"\n";
			showEnvVarsInLog = 0;
		};
/* End PBXShellScriptBuildPhase section */

/* Begin PBXSourcesBuildPhase section */
		BB0D5F7D24D067BA00C72813 /* Sources */ = {
			isa = PBXSourcesBuildPhase;
			buildActionMask = 2147483647;
			files = (
				BB0D5FA624D0AA3F00C72813 /* UIAlertControllerExtension.swift in Sources */,
				BB0D5F8524D067BA00C72813 /* AppDelegate.swift in Sources */,
				BB0D5F9F24D06BAF00C72813 /* CheckInViewController.swift in Sources */,
				BB0D5FA424D06E2900C72813 /* UIColorExtension.swift in Sources */,
			);
			runOnlyForDeploymentPostprocessing = 0;
		};
/* End PBXSourcesBuildPhase section */

/* Begin PBXVariantGroup section */
		BB0D5F8F24D067BE00C72813 /* LaunchScreen.storyboard */ = {
			isa = PBXVariantGroup;
			children = (
				BB0D5F9024D067BE00C72813 /* Base */,
			);
			name = LaunchScreen.storyboard;
			sourceTree = "<group>";
		};
/* End PBXVariantGroup section */

/* Begin XCBuildConfiguration section */
		BB0D5F9324D067BE00C72813 /* Debug */ = {
			isa = XCBuildConfiguration;
			buildSettings = {
				ALWAYS_SEARCH_USER_PATHS = NO;
				CLANG_ANALYZER_NONNULL = YES;
				CLANG_ANALYZER_NUMBER_OBJECT_CONVERSION = YES_AGGRESSIVE;
				CLANG_CXX_LANGUAGE_STANDARD = "gnu++14";
				CLANG_CXX_LIBRARY = "libc++";
				CLANG_ENABLE_MODULES = YES;
				CLANG_ENABLE_OBJC_ARC = YES;
				CLANG_ENABLE_OBJC_WEAK = YES;
				CLANG_WARN_BLOCK_CAPTURE_AUTORELEASING = YES;
				CLANG_WARN_BOOL_CONVERSION = YES;
				CLANG_WARN_COMMA = YES;
				CLANG_WARN_CONSTANT_CONVERSION = YES;
				CLANG_WARN_DEPRECATED_OBJC_IMPLEMENTATIONS = YES;
				CLANG_WARN_DIRECT_OBJC_ISA_USAGE = YES_ERROR;
				CLANG_WARN_DOCUMENTATION_COMMENTS = YES;
				CLANG_WARN_EMPTY_BODY = YES;
				CLANG_WARN_ENUM_CONVERSION = YES;
				CLANG_WARN_INFINITE_RECURSION = YES;
				CLANG_WARN_INT_CONVERSION = YES;
				CLANG_WARN_NON_LITERAL_NULL_CONVERSION = YES;
				CLANG_WARN_OBJC_IMPLICIT_RETAIN_SELF = YES;
				CLANG_WARN_OBJC_LITERAL_CONVERSION = YES;
				CLANG_WARN_OBJC_ROOT_CLASS = YES_ERROR;
				CLANG_WARN_RANGE_LOOP_ANALYSIS = YES;
				CLANG_WARN_STRICT_PROTOTYPES = YES;
				CLANG_WARN_SUSPICIOUS_MOVE = YES;
				CLANG_WARN_UNGUARDED_AVAILABILITY = YES_AGGRESSIVE;
				CLANG_WARN_UNREACHABLE_CODE = YES;
				CLANG_WARN__DUPLICATE_METHOD_MATCH = YES;
				COPY_PHASE_STRIP = NO;
				DEBUG_INFORMATION_FORMAT = dwarf;
				ENABLE_STRICT_OBJC_MSGSEND = YES;
				ENABLE_TESTABILITY = YES;
				GCC_C_LANGUAGE_STANDARD = gnu11;
				GCC_DYNAMIC_NO_PIC = NO;
				GCC_NO_COMMON_BLOCKS = YES;
				GCC_OPTIMIZATION_LEVEL = 0;
				GCC_PREPROCESSOR_DEFINITIONS = (
					"DEBUG=1",
					"$(inherited)",
				);
				GCC_WARN_64_TO_32_BIT_CONVERSION = YES;
				GCC_WARN_ABOUT_RETURN_TYPE = YES_ERROR;
				GCC_WARN_UNDECLARED_SELECTOR = YES;
				GCC_WARN_UNINITIALIZED_AUTOS = YES_AGGRESSIVE;
				GCC_WARN_UNUSED_FUNCTION = YES;
				GCC_WARN_UNUSED_VARIABLE = YES;
				IPHONEOS_DEPLOYMENT_TARGET = 13.2;
				MTL_ENABLE_DEBUG_INFO = INCLUDE_SOURCE;
				MTL_FAST_MATH = YES;
				ONLY_ACTIVE_ARCH = YES;
				SDKROOT = iphoneos;
				SWIFT_ACTIVE_COMPILATION_CONDITIONS = DEBUG;
				SWIFT_OPTIMIZATION_LEVEL = "-Onone";
			};
			name = Debug;
		};
		BB0D5F9424D067BE00C72813 /* Release */ = {
			isa = XCBuildConfiguration;
			buildSettings = {
				ALWAYS_SEARCH_USER_PATHS = NO;
				CLANG_ANALYZER_NONNULL = YES;
				CLANG_ANALYZER_NUMBER_OBJECT_CONVERSION = YES_AGGRESSIVE;
				CLANG_CXX_LANGUAGE_STANDARD = "gnu++14";
				CLANG_CXX_LIBRARY = "libc++";
				CLANG_ENABLE_MODULES = YES;
				CLANG_ENABLE_OBJC_ARC = YES;
				CLANG_ENABLE_OBJC_WEAK = YES;
				CLANG_WARN_BLOCK_CAPTURE_AUTORELEASING = YES;
				CLANG_WARN_BOOL_CONVERSION = YES;
				CLANG_WARN_COMMA = YES;
				CLANG_WARN_CONSTANT_CONVERSION = YES;
				CLANG_WARN_DEPRECATED_OBJC_IMPLEMENTATIONS = YES;
				CLANG_WARN_DIRECT_OBJC_ISA_USAGE = YES_ERROR;
				CLANG_WARN_DOCUMENTATION_COMMENTS = YES;
				CLANG_WARN_EMPTY_BODY = YES;
				CLANG_WARN_ENUM_CONVERSION = YES;
				CLANG_WARN_INFINITE_RECURSION = YES;
				CLANG_WARN_INT_CONVERSION = YES;
				CLANG_WARN_NON_LITERAL_NULL_CONVERSION = YES;
				CLANG_WARN_OBJC_IMPLICIT_RETAIN_SELF = YES;
				CLANG_WARN_OBJC_LITERAL_CONVERSION = YES;
				CLANG_WARN_OBJC_ROOT_CLASS = YES_ERROR;
				CLANG_WARN_RANGE_LOOP_ANALYSIS = YES;
				CLANG_WARN_STRICT_PROTOTYPES = YES;
				CLANG_WARN_SUSPICIOUS_MOVE = YES;
				CLANG_WARN_UNGUARDED_AVAILABILITY = YES_AGGRESSIVE;
				CLANG_WARN_UNREACHABLE_CODE = YES;
				CLANG_WARN__DUPLICATE_METHOD_MATCH = YES;
				COPY_PHASE_STRIP = NO;
				DEBUG_INFORMATION_FORMAT = "dwarf-with-dsym";
				ENABLE_NS_ASSERTIONS = NO;
				ENABLE_STRICT_OBJC_MSGSEND = YES;
				GCC_C_LANGUAGE_STANDARD = gnu11;
				GCC_NO_COMMON_BLOCKS = YES;
				GCC_WARN_64_TO_32_BIT_CONVERSION = YES;
				GCC_WARN_ABOUT_RETURN_TYPE = YES_ERROR;
				GCC_WARN_UNDECLARED_SELECTOR = YES;
				GCC_WARN_UNINITIALIZED_AUTOS = YES_AGGRESSIVE;
				GCC_WARN_UNUSED_FUNCTION = YES;
				GCC_WARN_UNUSED_VARIABLE = YES;
				IPHONEOS_DEPLOYMENT_TARGET = 13.2;
				MTL_ENABLE_DEBUG_INFO = NO;
				MTL_FAST_MATH = YES;
				SDKROOT = iphoneos;
				SWIFT_COMPILATION_MODE = wholemodule;
				SWIFT_OPTIMIZATION_LEVEL = "-O";
				VALIDATE_PRODUCT = YES;
			};
			name = Release;
		};
		BB0D5F9624D067BE00C72813 /* Debug */ = {
			isa = XCBuildConfiguration;
			baseConfigurationReference = B03376F2B40EA3933182DB79 /* Pods-AlertControllerRxSwift.debug.xcconfig */;
			buildSettings = {
				ASSETCATALOG_COMPILER_APPICON_NAME = AppIcon;
				CODE_SIGN_STYLE = Automatic;
				DEVELOPMENT_TEAM = 2WYKT3LRAZ;
				INFOPLIST_FILE = AlertControllerRxSwift/Supports/Info.plist;
				LD_RUNPATH_SEARCH_PATHS = (
					"$(inherited)",
					"@executable_path/Frameworks",
				);
				PRODUCT_BUNDLE_IDENTIFIER = "---.AlertControllerRxSwift";
				PRODUCT_NAME = "$(TARGET_NAME)";
				SWIFT_VERSION = 5.0;
				TARGETED_DEVICE_FAMILY = 1;
			};
			name = Debug;
		};
		BB0D5F9724D067BE00C72813 /* Release */ = {
			isa = XCBuildConfiguration;
			baseConfigurationReference = DCC91EA87359DF9A292F578A /* Pods-AlertControllerRxSwift.release.xcconfig */;
			buildSettings = {
				ASSETCATALOG_COMPILER_APPICON_NAME = AppIcon;
				CODE_SIGN_STYLE = Automatic;
				DEVELOPMENT_TEAM = 2WYKT3LRAZ;
				INFOPLIST_FILE = AlertControllerRxSwift/Supports/Info.plist;
				LD_RUNPATH_SEARCH_PATHS = (
					"$(inherited)",
					"@executable_path/Frameworks",
				);
				PRODUCT_BUNDLE_IDENTIFIER = "---.AlertControllerRxSwift";
				PRODUCT_NAME = "$(TARGET_NAME)";
				SWIFT_VERSION = 5.0;
				TARGETED_DEVICE_FAMILY = 1;
			};
			name = Release;
		};
/* End XCBuildConfiguration section */

/* Begin XCConfigurationList section */
		BB0D5F7C24D067BA00C72813 /* Build configuration list for PBXProject "AlertControllerRxSwift" */ = {
			isa = XCConfigurationList;
			buildConfigurations = (
				BB0D5F9324D067BE00C72813 /* Debug */,
				BB0D5F9424D067BE00C72813 /* Release */,
			);
			defaultConfigurationIsVisible = 0;
			defaultConfigurationName = Release;
		};
		BB0D5F9524D067BE00C72813 /* Build configuration list for PBXNativeTarget "AlertControllerRxSwift" */ = {
			isa = XCConfigurationList;
			buildConfigurations = (
				BB0D5F9624D067BE00C72813 /* Debug */,
				BB0D5F9724D067BE00C72813 /* Release */,
			);
			defaultConfigurationIsVisible = 0;
			defaultConfigurationName = Release;
		};
/* End XCConfigurationList section */
	};
	rootObject = BB0D5F7924D067BA00C72813 /* Project object */;
}
